
Microsoft Visual Studio Solution File, Format Version 12.00
# Visual Studio Version 16
VisualStudioVersion = 16.0.31129.286
MinimumVisualStudioVersion = 10.0.40219.1
Project("{9A19103F-16F7-4668-BE54-9A1E7A4F7556}") = "CollectionStudies", "CollectionStudies\c2-arrays\CollectionStudies.csproj", "{224C3296-A978-4C36-8A4D-BFA5BF1B5F94}"
EndProject
Project("{9A19103F-16F7-4668-BE54-9A1E7A4F7556}") = "DictSnippets", "CollectionStudies\c5-dict\DictSnippets\DictSnippets.csproj", "{DCC11DDE-941E-4565-A534-ACD9FB3A6059}"
EndProject
Project("{9A19103F-16F7-4668-BE54-9A1E7A4F7556}") = "DisplaySingleCountry", "CollectionStudies\c5-dict\DisplaySingleCountry\DisplaySingleCountry.csproj", "{E66D2A92-D0BD-4042-9ABF-C1599370E5E5}"
EndProject
Project("{9A19103F-16F7-4668-BE54-9A1E7A4F7556}") = "ReadCountriesForLoop", "CollectionStudies\c6-manipulating-lists\ReadCountriesForLoop\ReadCountriesForLoop.csproj", "{90FBFF29-BF0D-4098-8CD4-62AF9BD935EE}"
EndProject
Project("{9A19103F-16F7-4668-BE54-9A1E7A4F7556}") = "ReadAllCountries", "CollectionStudies\c7-linq\ReadAllCountries\ReadAllCountries.csproj", "{13C1E5FF-036F-451E-B960-31A37DE89310}"
EndProject
Global
	GlobalSection(SolutionConfigurationPlatforms) = preSolution
		Debug|Any CPU = Debug|Any CPU
		Release|Any CPU = Release|Any CPU
	EndGlobalSection
	GlobalSection(ProjectConfigurationPlatforms) = postSolution
		{224C3296-A978-4C36-8A4D-BFA5BF1B5F94}.Debug|Any CPU.ActiveCfg = Debug|Any CPU
		{224C3296-A978-4C36-8A4D-BFA5BF1B5F94}.Debug|Any CPU.Build.0 = Debug|Any CPU
		{224C3296-A978-4C36-8A4D-BFA5BF1B5F94}.Release|Any CPU.ActiveCfg = Release|Any CPU
		{224C3296-A978-4C36-8A4D-BFA5BF1B5F94}.Release|Any CPU.Build.0 = Release|Any CPU
		{DCC11DDE-941E-4565-A534-ACD9FB3A6059}.Debug|Any CPU.ActiveCfg = Debug|Any CPU
		{DCC11DDE-941E-4565-A534-ACD9FB3A6059}.Debug|Any CPU.Build.0 = Debug|Any CPU
		{DCC11DDE-941E-4565-A534-ACD9FB3A6059}.Release|Any CPU.ActiveCfg = Release|Any CPU
		{DCC11DDE-941E-4565-A534-ACD9FB3A6059}.Release|Any CPU.Build.0 = Release|Any CPU
		{E66D2A92-D0BD-4042-9ABF-C1599370E5E5}.Debug|Any CPU.ActiveCfg = Debug|Any CPU
		{E66D2A92-D0BD-4042-9ABF-C1599370E5E5}.Debug|Any CPU.Build.0 = Debug|Any CPU
		{E66D2A92-D0BD-4042-9ABF-C1599370E5E5}.Release|Any CPU.ActiveCfg = Release|Any CPU
		{E66D2A92-D0BD-4042-9ABF-C1599370E5E5}.Release|Any CPU.Build.0 = Release|Any CPU
		{90FBFF29-BF0D-4098-8CD4-62AF9BD935EE}.Debug|Any CPU.ActiveCfg = Debug|Any CPU
		{90FBFF29-BF0D-4098-8CD4-62AF9BD935EE}.Debug|Any CPU.Build.0 = Debug|Any CPU
		{90FBFF29-BF0D-4098-8CD4-62AF9BD935EE}.Release|Any CPU.ActiveCfg = Release|Any CPU
		{90FBFF29-BF0D-4098-8CD4-62AF9BD935EE}.Release|Any CPU.Build.0 = Release|Any CPU
		{13C1E5FF-036F-451E-B960-31A37DE89310}.Debug|Any CPU.ActiveCfg = Debug|Any CPU
		{13C1E5FF-036F-451E-B960-31A37DE89310}.Debug|Any CPU.Build.0 = Debug|Any CPU
		{13C1E5FF-036F-451E-B960-31A37DE89310}.Release|Any CPU.ActiveCfg = Release|Any CPU
		{13C1E5FF-036F-451E-B960-31A37DE89310}.Release|Any CPU.Build.0 = Release|Any CPU
	EndGlobalSection
	GlobalSection(SolutionProperties) = preSolution
		HideSolutionNode = FALSE
	EndGlobalSection
	GlobalSection(ExtensibilityGlobals) = postSolution
		SolutionGuid = {C576DACE-3AF8-4547-B211-4499FAF376B7}
	EndGlobalSection
EndGlobal
